
Microsoft Visual Studio Solution File, Format Version 12.00
# Visual Studio Version 17
VisualStudioVersion = 17.7.34031.279
MinimumVisualStudioVersion = 10.0.40219.1
Project("{FAE04EC0-301F-11D3-BF4B-00C04F79EFBC}") = "test test", "test test\test test.csproj", "{98280B03-E97B-4DF9-BA54-F19C2CA39B6C}"
EndProject
Global
	GlobalSection(SolutionConfigurationPlatforms) = preSolution
		Debug|Any CPU = Debug|Any CPU
		Release|Any CPU = Release|Any CPU
	EndGlobalSection
	GlobalSection(ProjectConfigurationPlatforms) = postSolution
		{98280B03-E97B-4DF9-BA54-F19C2CA39B6C}.Debug|Any CPU.ActiveCfg = Debug|Any CPU
		{98280B03-E97B-4DF9-BA54-F19C2CA39B6C}.Debug|Any CPU.Build.0 = Debug|Any CPU
		{98280B03-E97B-4DF9-BA54-F19C2CA39B6C}.Release|Any CPU.ActiveCfg = Release|Any CPU
		{98280B03-E97B-4DF9-BA54-F19C2CA39B6C}.Release|Any CPU.Build.0 = Release|Any CPU
	EndGlobalSection
	GlobalSection(SolutionProperties) = preSolution
		HideSolutionNode = FALSE
	EndGlobalSection
	GlobalSection(ExtensibilityGlobals) = postSolution
		SolutionGuid = {D7875A61-3DC8-4426-BEB6-3A87EDCA88AE}
	EndGlobalSection
EndGlobal
